
Microsoft Visual Studio Solution File, Format Version 11.00
# Visual Studio 2010
Project("{FAE04EC0-301F-11D3-BF4B-00C04F79EFBC}") = "Molibar.Framework.UnitTest", "Molibar.Framework.UnitTest\Molibar.Framework.UnitTest.csproj", "{BD722DBB-01B2-44C3-A8B9-A34BCD5E676B}"
EndProject
Project("{FAE04EC0-301F-11D3-BF4B-00C04F79EFBC}") = "Molibar.Common", "Molibar.Common\Molibar.Common.csproj", "{3C735636-B2DA-4C52-811C-D0D9CED49A8C}"
EndProject
Project("{FAE04EC0-301F-11D3-BF4B-00C04F79EFBC}") = "Molibar.Infrastructure", "Molibar.Infrastructure\Molibar.Infrastructure.csproj", "{23A08259-C947-439B-B820-F16CED98A257}"
EndProject
Project("{2150E333-8FDC-42A3-9474-1A3956D46DE8}") = "Tests", "Tests", "{7B8FE643-C932-4BE4-842D-2A127BFC8EE2}"
EndProject
Global
	GlobalSection(SolutionConfigurationPlatforms) = preSolution
		Debug|Any CPU = Debug|Any CPU
		Debug|Mixed Platforms = Debug|Mixed Platforms
		Debug|x86 = Debug|x86
		Release|Any CPU = Release|Any CPU
		Release|Mixed Platforms = Release|Mixed Platforms
		Release|x86 = Release|x86
	EndGlobalSection
	GlobalSection(ProjectConfigurationPlatforms) = postSolution
		{BD722DBB-01B2-44C3-A8B9-A34BCD5E676B}.Debug|Any CPU.ActiveCfg = Debug|Any CPU
		{BD722DBB-01B2-44C3-A8B9-A34BCD5E676B}.Debug|Any CPU.Build.0 = Debug|Any CPU
		{BD722DBB-01B2-44C3-A8B9-A34BCD5E676B}.Debug|Mixed Platforms.ActiveCfg = Debug|Any CPU
		{BD722DBB-01B2-44C3-A8B9-A34BCD5E676B}.Debug|Mixed Platforms.Build.0 = Debug|Any CPU
		{BD722DBB-01B2-44C3-A8B9-A34BCD5E676B}.Debug|x86.ActiveCfg = Debug|Any CPU
		{BD722DBB-01B2-44C3-A8B9-A34BCD5E676B}.Release|Any CPU.ActiveCfg = Release|Any CPU
		{BD722DBB-01B2-44C3-A8B9-A34BCD5E676B}.Release|Any CPU.Build.0 = Release|Any CPU
		{BD722DBB-01B2-44C3-A8B9-A34BCD5E676B}.Release|Mixed Platforms.ActiveCfg = Release|Any CPU
		{BD722DBB-01B2-44C3-A8B9-A34BCD5E676B}.Release|Mixed Platforms.Build.0 = Release|Any CPU
		{BD722DBB-01B2-44C3-A8B9-A34BCD5E676B}.Release|x86.ActiveCfg = Release|Any CPU
		{3C735636-B2DA-4C52-811C-D0D9CED49A8C}.Debug|Any CPU.ActiveCfg = Debug|Any CPU
		{3C735636-B2DA-4C52-811C-D0D9CED49A8C}.Debug|Any CPU.Build.0 = Debug|Any CPU
		{3C735636-B2DA-4C52-811C-D0D9CED49A8C}.Debug|Mixed Platforms.ActiveCfg = Debug|Any CPU
		{3C735636-B2DA-4C52-811C-D0D9CED49A8C}.Debug|Mixed Platforms.Build.0 = Debug|Any CPU
		{3C735636-B2DA-4C52-811C-D0D9CED49A8C}.Debug|x86.ActiveCfg = Debug|Any CPU
		{3C735636-B2DA-4C52-811C-D0D9CED49A8C}.Release|Any CPU.ActiveCfg = Release|Any CPU
		{3C735636-B2DA-4C52-811C-D0D9CED49A8C}.Release|Any CPU.Build.0 = Release|Any CPU
		{3C735636-B2DA-4C52-811C-D0D9CED49A8C}.Release|Mixed Platforms.ActiveCfg = Release|Any CPU
		{3C735636-B2DA-4C52-811C-D0D9CED49A8C}.Release|Mixed Platforms.Build.0 = Release|Any CPU
		{3C735636-B2DA-4C52-811C-D0D9CED49A8C}.Release|x86.ActiveCfg = Release|Any CPU
		{23A08259-C947-439B-B820-F16CED98A257}.Debug|Any CPU.ActiveCfg = Debug|Any CPU
		{23A08259-C947-439B-B820-F16CED98A257}.Debug|Any CPU.Build.0 = Debug|Any CPU
		{23A08259-C947-439B-B820-F16CED98A257}.Debug|Mixed Platforms.ActiveCfg = Debug|Any CPU
		{23A08259-C947-439B-B820-F16CED98A257}.Debug|Mixed Platforms.Build.0 = Debug|Any CPU
		{23A08259-C947-439B-B820-F16CED98A257}.Debug|x86.ActiveCfg = Debug|Any CPU
		{23A08259-C947-439B-B820-F16CED98A257}.Release|Any CPU.ActiveCfg = Release|Any CPU
		{23A08259-C947-439B-B820-F16CED98A257}.Release|Any CPU.Build.0 = Release|Any CPU
		{23A08259-C947-439B-B820-F16CED98A257}.Release|Mixed Platforms.ActiveCfg = Release|Any CPU
		{23A08259-C947-439B-B820-F16CED98A257}.Release|Mixed Platforms.Build.0 = Release|Any CPU
		{23A08259-C947-439B-B820-F16CED98A257}.Release|x86.ActiveCfg = Release|Any CPU
	EndGlobalSection
	GlobalSection(SolutionProperties) = preSolution
		HideSolutionNode = FALSE
	EndGlobalSection
	GlobalSection(NestedProjects) = preSolution
		{BD722DBB-01B2-44C3-A8B9-A34BCD5E676B} = {7B8FE643-C932-4BE4-842D-2A127BFC8EE2}
	EndGlobalSection
	GlobalSection(ExtensibilityGlobals) = postSolution
		EnterpriseLibraryConfigurationToolBinariesPath = packages\Unity.2.1.505.0\lib\NET35;packages\Unity.Interception.2.1.505.0\lib\NET35;packages\EnterpriseLibrary.Common.5.0.505.0\lib\NET35;packages\EnterpriseLibrary.Caching.5.0.505.0\lib\NET35
	EndGlobalSection
EndGlobal
